
Microsoft Visual Studio Solution File, Format Version 12.00
# Visual Studio Version 17
VisualStudioVersion = 17.4.33213.308
MinimumVisualStudioVersion = 10.0.40219.1
Project("{FAE04EC0-301F-11D3-BF4B-00C04F79EFBC}") = "PropTimeSpan1", "PropTimeSpan1\PropTimeSpan1.csproj", "{9CE4A840-4B4E-482D-AFC3-4ED4EEEDCBE1}"
EndProject
Global
	GlobalSection(SolutionConfigurationPlatforms) = preSolution
		Debug|Any CPU = Debug|Any CPU
		Release|Any CPU = Release|Any CPU
	EndGlobalSection
	GlobalSection(ProjectConfigurationPlatforms) = postSolution
		{9CE4A840-4B4E-482D-AFC3-4ED4EEEDCBE1}.Debug|Any CPU.ActiveCfg = Debug|Any CPU
		{9CE4A840-4B4E-482D-AFC3-4ED4EEEDCBE1}.Debug|Any CPU.Build.0 = Debug|Any CPU
		{9CE4A840-4B4E-482D-AFC3-4ED4EEEDCBE1}.Release|Any CPU.ActiveCfg = Release|Any CPU
		{9CE4A840-4B4E-482D-AFC3-4ED4EEEDCBE1}.Release|Any CPU.Build.0 = Release|Any CPU
	EndGlobalSection
	GlobalSection(SolutionProperties) = preSolution
		HideSolutionNode = FALSE
	EndGlobalSection
	GlobalSection(ExtensibilityGlobals) = postSolution
		SolutionGuid = {61AE43A1-507D-4C2D-958B-FE9F2A962C9C}
	EndGlobalSection
EndGlobal
