
Microsoft Visual Studio Solution File, Format Version 12.00
# Visual Studio Version 17
VisualStudioVersion = 17.4.33213.308
MinimumVisualStudioVersion = 10.0.40219.1
Project("{FAE04EC0-301F-11D3-BF4B-00C04F79EFBC}") = "ExercicioProposto3", "ExercicioProposto3\ExercicioProposto3.csproj", "{27DE5FB4-067E-4754-A4E9-6EAE1792A0AA}"
EndProject
Global
	GlobalSection(SolutionConfigurationPlatforms) = preSolution
		Debug|Any CPU = Debug|Any CPU
		Release|Any CPU = Release|Any CPU
	EndGlobalSection
	GlobalSection(ProjectConfigurationPlatforms) = postSolution
		{27DE5FB4-067E-4754-A4E9-6EAE1792A0AA}.Debug|Any CPU.ActiveCfg = Debug|Any CPU
		{27DE5FB4-067E-4754-A4E9-6EAE1792A0AA}.Debug|Any CPU.Build.0 = Debug|Any CPU
		{27DE5FB4-067E-4754-A4E9-6EAE1792A0AA}.Release|Any CPU.ActiveCfg = Release|Any CPU
		{27DE5FB4-067E-4754-A4E9-6EAE1792A0AA}.Release|Any CPU.Build.0 = Release|Any CPU
	EndGlobalSection
	GlobalSection(SolutionProperties) = preSolution
		HideSolutionNode = FALSE
	EndGlobalSection
	GlobalSection(ExtensibilityGlobals) = postSolution
		SolutionGuid = {4A9AC5D5-39B9-4B67-BC41-78B677C3F349}
	EndGlobalSection
EndGlobal
