
Microsoft Visual Studio Solution File, Format Version 12.00
# Visual Studio Version 17
VisualStudioVersion = 17.4.33213.308
MinimumVisualStudioVersion = 10.0.40219.1
Project("{FAE04EC0-301F-11D3-BF4B-00C04F79EFBC}") = "DateTimeKind", "DateTimeKind\DateTimeKind.csproj", "{A96EFABC-EF81-4B34-ADC3-5CF00F447017}"
EndProject
Global
	GlobalSection(SolutionConfigurationPlatforms) = preSolution
		Debug|Any CPU = Debug|Any CPU
		Release|Any CPU = Release|Any CPU
	EndGlobalSection
	GlobalSection(ProjectConfigurationPlatforms) = postSolution
		{A96EFABC-EF81-4B34-ADC3-5CF00F447017}.Debug|Any CPU.ActiveCfg = Debug|Any CPU
		{A96EFABC-EF81-4B34-ADC3-5CF00F447017}.Debug|Any CPU.Build.0 = Debug|Any CPU
		{A96EFABC-EF81-4B34-ADC3-5CF00F447017}.Release|Any CPU.ActiveCfg = Release|Any CPU
		{A96EFABC-EF81-4B34-ADC3-5CF00F447017}.Release|Any CPU.Build.0 = Release|Any CPU
	EndGlobalSection
	GlobalSection(SolutionProperties) = preSolution
		HideSolutionNode = FALSE
	EndGlobalSection
	GlobalSection(ExtensibilityGlobals) = postSolution
		SolutionGuid = {5571D4F2-132E-430D-B00B-127D7B0D5DC1}
	EndGlobalSection
EndGlobal
