
Microsoft Visual Studio Solution File, Format Version 12.00
# Visual Studio Version 17
VisualStudioVersion = 17.4.33213.308
MinimumVisualStudioVersion = 10.0.40219.1
Project("{FAE04EC0-301F-11D3-BF4B-00C04F79EFBC}") = "ExTimeSpan", "TimeSpan\ExTimeSpan.csproj", "{9E3B08C8-1101-44EA-A051-1A2CED9D4330}"
EndProject
Global
	GlobalSection(SolutionConfigurationPlatforms) = preSolution
		Debug|Any CPU = Debug|Any CPU
		Release|Any CPU = Release|Any CPU
	EndGlobalSection
	GlobalSection(ProjectConfigurationPlatforms) = postSolution
		{9E3B08C8-1101-44EA-A051-1A2CED9D4330}.Debug|Any CPU.ActiveCfg = Debug|Any CPU
		{9E3B08C8-1101-44EA-A051-1A2CED9D4330}.Debug|Any CPU.Build.0 = Debug|Any CPU
		{9E3B08C8-1101-44EA-A051-1A2CED9D4330}.Release|Any CPU.ActiveCfg = Release|Any CPU
		{9E3B08C8-1101-44EA-A051-1A2CED9D4330}.Release|Any CPU.Build.0 = Release|Any CPU
	EndGlobalSection
	GlobalSection(SolutionProperties) = preSolution
		HideSolutionNode = FALSE
	EndGlobalSection
	GlobalSection(ExtensibilityGlobals) = postSolution
		SolutionGuid = {1C5C15EE-B53A-433C-BC5D-F213F3A29EEE}
	EndGlobalSection
EndGlobal
