
Microsoft Visual Studio Solution File, Format Version 12.00
# Visual Studio Version 17
VisualStudioVersion = 17.4.33213.308
MinimumVisualStudioVersion = 10.0.40219.1
Project("{FAE04EC0-301F-11D3-BF4B-00C04F79EFBC}") = "ExDateYimeKind2", "ExDateYimeKind2\ExDateYimeKind2.csproj", "{61B3A7CC-D698-4AFA-99C6-B2504A76C6DC}"
EndProject
Global
	GlobalSection(SolutionConfigurationPlatforms) = preSolution
		Debug|Any CPU = Debug|Any CPU
		Release|Any CPU = Release|Any CPU
	EndGlobalSection
	GlobalSection(ProjectConfigurationPlatforms) = postSolution
		{61B3A7CC-D698-4AFA-99C6-B2504A76C6DC}.Debug|Any CPU.ActiveCfg = Debug|Any CPU
		{61B3A7CC-D698-4AFA-99C6-B2504A76C6DC}.Debug|Any CPU.Build.0 = Debug|Any CPU
		{61B3A7CC-D698-4AFA-99C6-B2504A76C6DC}.Release|Any CPU.ActiveCfg = Release|Any CPU
		{61B3A7CC-D698-4AFA-99C6-B2504A76C6DC}.Release|Any CPU.Build.0 = Release|Any CPU
	EndGlobalSection
	GlobalSection(SolutionProperties) = preSolution
		HideSolutionNode = FALSE
	EndGlobalSection
	GlobalSection(ExtensibilityGlobals) = postSolution
		SolutionGuid = {D2E9FB2A-1189-4310-9909-6507C5E3A168}
	EndGlobalSection
EndGlobal
