
Microsoft Visual Studio Solution File, Format Version 12.00
# Visual Studio Version 17
VisualStudioVersion = 17.4.33213.308
MinimumVisualStudioVersion = 10.0.40219.1
Project("{FAE04EC0-301F-11D3-BF4B-00C04F79EFBC}") = "ExercicioFixação1", "ExercicioFixação1\ExercicioFixação1.csproj", "{81BE4216-FB87-44C2-A5E2-3DDE3BB243E8}"
EndProject
Global
	GlobalSection(SolutionConfigurationPlatforms) = preSolution
		Debug|Any CPU = Debug|Any CPU
		Release|Any CPU = Release|Any CPU
	EndGlobalSection
	GlobalSection(ProjectConfigurationPlatforms) = postSolution
		{81BE4216-FB87-44C2-A5E2-3DDE3BB243E8}.Debug|Any CPU.ActiveCfg = Debug|Any CPU
		{81BE4216-FB87-44C2-A5E2-3DDE3BB243E8}.Debug|Any CPU.Build.0 = Debug|Any CPU
		{81BE4216-FB87-44C2-A5E2-3DDE3BB243E8}.Release|Any CPU.ActiveCfg = Release|Any CPU
		{81BE4216-FB87-44C2-A5E2-3DDE3BB243E8}.Release|Any CPU.Build.0 = Release|Any CPU
	EndGlobalSection
	GlobalSection(SolutionProperties) = preSolution
		HideSolutionNode = FALSE
	EndGlobalSection
	GlobalSection(ExtensibilityGlobals) = postSolution
		SolutionGuid = {86797095-872C-46B6-8B95-F5CF2BF60BEB}
	EndGlobalSection
EndGlobal
