
Microsoft Visual Studio Solution File, Format Version 12.00
# Visual Studio Version 17
VisualStudioVersion = 17.4.33213.308
MinimumVisualStudioVersion = 10.0.40219.1
Project("{FAE04EC0-301F-11D3-BF4B-00C04F79EFBC}") = "ExercicioFixação3", "ExercicioFixação3\ExercicioFixação3.csproj", "{1283988E-170D-47CA-A366-E4E8CBA7DDDB}"
EndProject
Global
	GlobalSection(SolutionConfigurationPlatforms) = preSolution
		Debug|Any CPU = Debug|Any CPU
		Release|Any CPU = Release|Any CPU
	EndGlobalSection
	GlobalSection(ProjectConfigurationPlatforms) = postSolution
		{1283988E-170D-47CA-A366-E4E8CBA7DDDB}.Debug|Any CPU.ActiveCfg = Debug|Any CPU
		{1283988E-170D-47CA-A366-E4E8CBA7DDDB}.Debug|Any CPU.Build.0 = Debug|Any CPU
		{1283988E-170D-47CA-A366-E4E8CBA7DDDB}.Release|Any CPU.ActiveCfg = Release|Any CPU
		{1283988E-170D-47CA-A366-E4E8CBA7DDDB}.Release|Any CPU.Build.0 = Release|Any CPU
	EndGlobalSection
	GlobalSection(SolutionProperties) = preSolution
		HideSolutionNode = FALSE
	EndGlobalSection
	GlobalSection(ExtensibilityGlobals) = postSolution
		SolutionGuid = {CC27B4A9-1D29-4A13-9EAC-FE6B527F531A}
	EndGlobalSection
EndGlobal
