
Microsoft Visual Studio Solution File, Format Version 12.00
# Visual Studio Version 17
VisualStudioVersion = 17.4.33213.308
MinimumVisualStudioVersion = 10.0.40219.1
Project("{FAE04EC0-301F-11D3-BF4B-00C04F79EFBC}") = "Exercicio 3", "Exercicio 3\Exercicio 3.csproj", "{A819D292-EFA7-4235-A07C-DF04EBBDFEDB}"
EndProject
Global
	GlobalSection(SolutionConfigurationPlatforms) = preSolution
		Debug|Any CPU = Debug|Any CPU
		Release|Any CPU = Release|Any CPU
	EndGlobalSection
	GlobalSection(ProjectConfigurationPlatforms) = postSolution
		{A819D292-EFA7-4235-A07C-DF04EBBDFEDB}.Debug|Any CPU.ActiveCfg = Debug|Any CPU
		{A819D292-EFA7-4235-A07C-DF04EBBDFEDB}.Debug|Any CPU.Build.0 = Debug|Any CPU
		{A819D292-EFA7-4235-A07C-DF04EBBDFEDB}.Release|Any CPU.ActiveCfg = Release|Any CPU
		{A819D292-EFA7-4235-A07C-DF04EBBDFEDB}.Release|Any CPU.Build.0 = Release|Any CPU
	EndGlobalSection
	GlobalSection(SolutionProperties) = preSolution
		HideSolutionNode = FALSE
	EndGlobalSection
	GlobalSection(ExtensibilityGlobals) = postSolution
		SolutionGuid = {A09109A2-0F8C-49F0-AECF-12DE142A1ADA}
	EndGlobalSection
EndGlobal
